
Microsoft Visual Studio Solution File, Format Version 11.00
# Visual Studio 2015
Project("{FAE04EC0-301F-11D3-BF4B-00C04F79EFBC}") = "LinqToRest", "LinqToRest\LinqToRest.csproj", "{539F73D1-E561-46E2-A9DB-706171305EA8}"
EndProject
Project("{FAE04EC0-301F-11D3-BF4B-00C04F79EFBC}") = "LinqToRest.Tests", "LinqToRest.Tests\LinqToRest.Tests.csproj", "{BAC51B3E-C742-4025-A57F-8D7818C96900}"
EndProject
Project("{FAE04EC0-301F-11D3-BF4B-00C04F79EFBC}") = "TestWebApiService", "TestWebApiService\TestWebApiService.csproj", "{8288FC38-22C5-471C-BC95-AFEA1E6F9C36}"
EndProject
Project("{FAE04EC0-301F-11D3-BF4B-00C04F79EFBC}") = "LinqToRest.IntegrationTests", "LinqToRest.IntegrationTests\LinqToRest.IntegrationTests.csproj", "{732F2EE5-221E-4AB2-BDF2-1B9F24B2AED8}"
EndProject
Project("{FAE04EC0-301F-11D3-BF4B-00C04F79EFBC}") = "LinqToRest.Client", "LinqToRest.Client\LinqToRest.Client.csproj", "{82EE5E32-0F1E-4DCE-9FD3-6177C94491A2}"
EndProject
Project("{FAE04EC0-301F-11D3-BF4B-00C04F79EFBC}") = "LinqToRest.Server", "LinqToRest.Server\LinqToRest.Server.csproj", "{D63B5F3B-4852-4AB1-A3B5-1B74CEC8F7F3}"
EndProject
Project("{FAE04EC0-301F-11D3-BF4B-00C04F79EFBC}") = "LinqToRest.Server.Tests", "LinqToRest.Server.Tests\LinqToRest.Server.Tests.csproj", "{8E9352A7-0C51-4827-8B22-81E27D61E5DC}"
EndProject
Project("{2150E333-8FDC-42A3-9474-1A3956D46DE8}") = "Tests", "Tests", "{BB40E777-94DE-4C32-8863-BC8CFC29980D}"
EndProject
Project("{FAE04EC0-301F-11D3-BF4B-00C04F79EFBC}") = "LinqToRest.Client.Tests", "LinqToRest.Client.Tests\LinqToRest.Client.Tests.csproj", "{05C1E152-6E85-40EF-83B7-25A96FDE9607}"
EndProject
Project("{FAE04EC0-301F-11D3-BF4B-00C04F79EFBC}") = "DataModel.Tests", "DataModel.Tests\DataModel.Tests.csproj", "{9C93F79A-5EB8-4CDD-952D-CA66E0A96AAB}"
EndProject
Global
	GlobalSection(SolutionConfigurationPlatforms) = preSolution
		Debug|Any CPU = Debug|Any CPU
		Release|Any CPU = Release|Any CPU
	EndGlobalSection
	GlobalSection(ProjectConfigurationPlatforms) = postSolution
		{539F73D1-E561-46E2-A9DB-706171305EA8}.Debug|Any CPU.ActiveCfg = Debug|Any CPU
		{539F73D1-E561-46E2-A9DB-706171305EA8}.Debug|Any CPU.Build.0 = Debug|Any CPU
		{539F73D1-E561-46E2-A9DB-706171305EA8}.Release|Any CPU.ActiveCfg = Release|Any CPU
		{539F73D1-E561-46E2-A9DB-706171305EA8}.Release|Any CPU.Build.0 = Release|Any CPU
		{BAC51B3E-C742-4025-A57F-8D7818C96900}.Debug|Any CPU.ActiveCfg = Debug|Any CPU
		{BAC51B3E-C742-4025-A57F-8D7818C96900}.Debug|Any CPU.Build.0 = Debug|Any CPU
		{BAC51B3E-C742-4025-A57F-8D7818C96900}.Release|Any CPU.ActiveCfg = Release|Any CPU
		{BAC51B3E-C742-4025-A57F-8D7818C96900}.Release|Any CPU.Build.0 = Release|Any CPU
		{8288FC38-22C5-471C-BC95-AFEA1E6F9C36}.Debug|Any CPU.ActiveCfg = Debug|Any CPU
		{8288FC38-22C5-471C-BC95-AFEA1E6F9C36}.Debug|Any CPU.Build.0 = Debug|Any CPU
		{8288FC38-22C5-471C-BC95-AFEA1E6F9C36}.Release|Any CPU.ActiveCfg = Release|Any CPU
		{8288FC38-22C5-471C-BC95-AFEA1E6F9C36}.Release|Any CPU.Build.0 = Release|Any CPU
		{732F2EE5-221E-4AB2-BDF2-1B9F24B2AED8}.Debug|Any CPU.ActiveCfg = Debug|Any CPU
		{732F2EE5-221E-4AB2-BDF2-1B9F24B2AED8}.Debug|Any CPU.Build.0 = Debug|Any CPU
		{732F2EE5-221E-4AB2-BDF2-1B9F24B2AED8}.Release|Any CPU.ActiveCfg = Release|Any CPU
		{732F2EE5-221E-4AB2-BDF2-1B9F24B2AED8}.Release|Any CPU.Build.0 = Release|Any CPU
		{82EE5E32-0F1E-4DCE-9FD3-6177C94491A2}.Debug|Any CPU.ActiveCfg = Debug|Any CPU
		{82EE5E32-0F1E-4DCE-9FD3-6177C94491A2}.Debug|Any CPU.Build.0 = Debug|Any CPU
		{82EE5E32-0F1E-4DCE-9FD3-6177C94491A2}.Release|Any CPU.ActiveCfg = Release|Any CPU
		{82EE5E32-0F1E-4DCE-9FD3-6177C94491A2}.Release|Any CPU.Build.0 = Release|Any CPU
		{D63B5F3B-4852-4AB1-A3B5-1B74CEC8F7F3}.Debug|Any CPU.ActiveCfg = Debug|Any CPU
		{D63B5F3B-4852-4AB1-A3B5-1B74CEC8F7F3}.Debug|Any CPU.Build.0 = Debug|Any CPU
		{D63B5F3B-4852-4AB1-A3B5-1B74CEC8F7F3}.Release|Any CPU.ActiveCfg = Release|Any CPU
		{D63B5F3B-4852-4AB1-A3B5-1B74CEC8F7F3}.Release|Any CPU.Build.0 = Release|Any CPU
		{8E9352A7-0C51-4827-8B22-81E27D61E5DC}.Debug|Any CPU.ActiveCfg = Debug|Any CPU
		{8E9352A7-0C51-4827-8B22-81E27D61E5DC}.Debug|Any CPU.Build.0 = Debug|Any CPU
		{8E9352A7-0C51-4827-8B22-81E27D61E5DC}.Release|Any CPU.ActiveCfg = Release|Any CPU
		{8E9352A7-0C51-4827-8B22-81E27D61E5DC}.Release|Any CPU.Build.0 = Release|Any CPU
		{05C1E152-6E85-40EF-83B7-25A96FDE9607}.Debug|Any CPU.ActiveCfg = Debug|Any CPU
		{05C1E152-6E85-40EF-83B7-25A96FDE9607}.Debug|Any CPU.Build.0 = Debug|Any CPU
		{05C1E152-6E85-40EF-83B7-25A96FDE9607}.Release|Any CPU.ActiveCfg = Release|Any CPU
		{05C1E152-6E85-40EF-83B7-25A96FDE9607}.Release|Any CPU.Build.0 = Release|Any CPU
		{9C93F79A-5EB8-4CDD-952D-CA66E0A96AAB}.Debug|Any CPU.ActiveCfg = Debug|Any CPU
		{9C93F79A-5EB8-4CDD-952D-CA66E0A96AAB}.Debug|Any CPU.Build.0 = Debug|Any CPU
		{9C93F79A-5EB8-4CDD-952D-CA66E0A96AAB}.Release|Any CPU.ActiveCfg = Release|Any CPU
		{9C93F79A-5EB8-4CDD-952D-CA66E0A96AAB}.Release|Any CPU.Build.0 = Release|Any CPU
	EndGlobalSection
	GlobalSection(SolutionProperties) = preSolution
		HideSolutionNode = FALSE
	EndGlobalSection
	GlobalSection(NestedProjects) = preSolution
		{8288FC38-22C5-471C-BC95-AFEA1E6F9C36} = {BB40E777-94DE-4C32-8863-BC8CFC29980D}
		{732F2EE5-221E-4AB2-BDF2-1B9F24B2AED8} = {BB40E777-94DE-4C32-8863-BC8CFC29980D}
		{8E9352A7-0C51-4827-8B22-81E27D61E5DC} = {BB40E777-94DE-4C32-8863-BC8CFC29980D}
		{BAC51B3E-C742-4025-A57F-8D7818C96900} = {BB40E777-94DE-4C32-8863-BC8CFC29980D}
		{05C1E152-6E85-40EF-83B7-25A96FDE9607} = {BB40E777-94DE-4C32-8863-BC8CFC29980D}
		{9C93F79A-5EB8-4CDD-952D-CA66E0A96AAB} = {BB40E777-94DE-4C32-8863-BC8CFC29980D}
	EndGlobalSection
EndGlobal
