
Microsoft Visual Studio Solution File, Format Version 11.00
# Visual Studio 2010
Project("{FAE04EC0-301F-11D3-BF4B-00C04F79EFBC}") = "LinqToRest", "LinqToRest\LinqToRest.csproj", "{539F73D1-E561-46E2-A9DB-706171305EA8}"
EndProject
Project("{FAE04EC0-301F-11D3-BF4B-00C04F79EFBC}") = "LinqToRest.Tests", "LinqToRest.Tests\LinqToRest.Tests.csproj", "{BAC51B3E-C742-4025-A57F-8D7818C96900}"
EndProject
Project("{FAE04EC0-301F-11D3-BF4B-00C04F79EFBC}") = "LinqToRest.StructureMap", "LinqToRest.StructureMap\LinqToRest.StructureMap.csproj", "{C1308993-E958-482C-ABBB-BEA674275004}"
EndProject
Project("{FAE04EC0-301F-11D3-BF4B-00C04F79EFBC}") = "TestWebApiService", "TestWebApiService\TestWebApiService.csproj", "{8288FC38-22C5-471C-BC95-AFEA1E6F9C36}"
EndProject
Project("{FAE04EC0-301F-11D3-BF4B-00C04F79EFBC}") = "LinqToRest.IntegrationTests", "LinqToRest.IntegrationTests\LinqToRest.IntegrationTests.csproj", "{732F2EE5-221E-4AB2-BDF2-1B9F24B2AED8}"
EndProject
Global
	GlobalSection(SolutionConfigurationPlatforms) = preSolution
		Debug|Any CPU = Debug|Any CPU
		Release|Any CPU = Release|Any CPU
	EndGlobalSection
	GlobalSection(ProjectConfigurationPlatforms) = postSolution
		{539F73D1-E561-46E2-A9DB-706171305EA8}.Debug|Any CPU.ActiveCfg = Debug|Any CPU
		{539F73D1-E561-46E2-A9DB-706171305EA8}.Debug|Any CPU.Build.0 = Debug|Any CPU
		{539F73D1-E561-46E2-A9DB-706171305EA8}.Release|Any CPU.ActiveCfg = Release|Any CPU
		{539F73D1-E561-46E2-A9DB-706171305EA8}.Release|Any CPU.Build.0 = Release|Any CPU
		{BAC51B3E-C742-4025-A57F-8D7818C96900}.Debug|Any CPU.ActiveCfg = Debug|Any CPU
		{BAC51B3E-C742-4025-A57F-8D7818C96900}.Debug|Any CPU.Build.0 = Debug|Any CPU
		{BAC51B3E-C742-4025-A57F-8D7818C96900}.Release|Any CPU.ActiveCfg = Release|Any CPU
		{BAC51B3E-C742-4025-A57F-8D7818C96900}.Release|Any CPU.Build.0 = Release|Any CPU
		{C1308993-E958-482C-ABBB-BEA674275004}.Debug|Any CPU.ActiveCfg = Debug|Any CPU
		{C1308993-E958-482C-ABBB-BEA674275004}.Debug|Any CPU.Build.0 = Debug|Any CPU
		{C1308993-E958-482C-ABBB-BEA674275004}.Release|Any CPU.ActiveCfg = Release|Any CPU
		{C1308993-E958-482C-ABBB-BEA674275004}.Release|Any CPU.Build.0 = Release|Any CPU
		{8288FC38-22C5-471C-BC95-AFEA1E6F9C36}.Debug|Any CPU.ActiveCfg = Debug|Any CPU
		{8288FC38-22C5-471C-BC95-AFEA1E6F9C36}.Debug|Any CPU.Build.0 = Debug|Any CPU
		{8288FC38-22C5-471C-BC95-AFEA1E6F9C36}.Release|Any CPU.ActiveCfg = Release|Any CPU
		{8288FC38-22C5-471C-BC95-AFEA1E6F9C36}.Release|Any CPU.Build.0 = Release|Any CPU
		{732F2EE5-221E-4AB2-BDF2-1B9F24B2AED8}.Debug|Any CPU.ActiveCfg = Debug|Any CPU
		{732F2EE5-221E-4AB2-BDF2-1B9F24B2AED8}.Debug|Any CPU.Build.0 = Debug|Any CPU
		{732F2EE5-221E-4AB2-BDF2-1B9F24B2AED8}.Release|Any CPU.ActiveCfg = Release|Any CPU
		{732F2EE5-221E-4AB2-BDF2-1B9F24B2AED8}.Release|Any CPU.Build.0 = Release|Any CPU
	EndGlobalSection
	GlobalSection(SolutionProperties) = preSolution
		HideSolutionNode = FALSE
	EndGlobalSection
EndGlobal
